{
    "_readme": [
        "This file locks the dependencies of your project to a known state",
        "Read more about it at http://getcomposer.org/doc/01-basic-usage.md#composer-lock-the-lock-file",
        "This file is @generated automatically"
    ],
    "hash": "a063c198b2130af985358f6ff17b3808",
    "packages": [
        {
            "name": "wp-api/wp-api",
            "version": "dev-master",
            "source": {
                "type": "git",
                "url": "https://github.com/wp-api/wp-api",
                "reference": "329fc65824675612a0999502616e9d3ccc4c5eb2"
            },
            "type": "library",
            "time": "2015-11-19 00:23:44"
        }
    ],
    "packages-dev": [],
    "aliases": [],
    "minimum-stability": "stable",
    "stability-flags": {
        "wp-api/wp-api": 20
    },
    "prefer-stable": false,
    "platform": [],
    "platform-dev": []
}
