{
    "_readme": [
        "This file locks the dependencies of your project to a known state",
        "Read more about it at http://getcomposer.org/doc/01-basic-usage.md#composer-lock-the-lock-file",
        "This file is @generated automatically"
    ],
    "hash": "17c23ba82c88797ff35ea667ffc90f45",
    "packages": [],
    "packages-dev": [
        {
            "name": "wp-api/wp-api",
            "version": "dev-master",
            "source": {
                "type": "git",
                "url": "https://github.com/wp-api/wp-api",
                "reference": "ad9688f450a813fd23d5c008d7d7c9fb58e76b2b"
            },
            "type": "library",
            "time": "2014-12-19 22:28:49"
        }
    ],
    "aliases": [],
    "minimum-stability": "stable",
    "stability-flags": {
        "wp-api/wp-api": 20
    },
    "prefer-stable": false,
    "platform": [],
    "platform-dev": []
}
